
Microsoft Visual Studio Solution File, Format Version 12.00
# Visual Studio Version 16
VisualStudioVersion = 16.0.30523.141
MinimumVisualStudioVersion = 10.0.40219.1
Project("{FAE04EC0-301F-11D3-BF4B-00C04F79EFBC}") = "MusicBox", "MusicBox\MusicBox.csproj", "{EC138EE8-FB82-40DF-AD54-DDFD0DD4601E}"
EndProject
Global
	GlobalSection(SolutionConfigurationPlatforms) = preSolution
		Debug|Any CPU = Debug|Any CPU
		Release|Any CPU = Release|Any CPU
	EndGlobalSection
	GlobalSection(ProjectConfigurationPlatforms) = postSolution
		{EC138EE8-FB82-40DF-AD54-DDFD0DD4601E}.Debug|Any CPU.ActiveCfg = Debug|Any CPU
		{EC138EE8-FB82-40DF-AD54-DDFD0DD4601E}.Debug|Any CPU.Build.0 = Debug|Any CPU
		{EC138EE8-FB82-40DF-AD54-DDFD0DD4601E}.Release|Any CPU.ActiveCfg = Release|Any CPU
		{EC138EE8-FB82-40DF-AD54-DDFD0DD4601E}.Release|Any CPU.Build.0 = Release|Any CPU
	EndGlobalSection
	GlobalSection(SolutionProperties) = preSolution
		HideSolutionNode = FALSE
	EndGlobalSection
	GlobalSection(ExtensibilityGlobals) = postSolution
		SolutionGuid = {397F8629-8F28-469F-AD66-49037AF6D15E}
	EndGlobalSection
EndGlobal
